
Microsoft Visual Studio Solution File, Format Version 12.00
# Visual Studio Version 16
VisualStudioVersion = 16.0.29001.49
MinimumVisualStudioVersion = 10.0.40219.1
Project("{FAE04EC0-301F-11D3-BF4B-00C04F79EFBC}") = "MyDiary", "MyDiary\MyDiary.csproj", "{27FBD7CC-C375-41B7-9DEF-85FEA7C1CDF6}"
EndProject
Global
	GlobalSection(SolutionConfigurationPlatforms) = preSolution
		Debug|Any CPU = Debug|Any CPU
		Release|Any CPU = Release|Any CPU
	EndGlobalSection
	GlobalSection(ProjectConfigurationPlatforms) = postSolution
		{27FBD7CC-C375-41B7-9DEF-85FEA7C1CDF6}.Debug|Any CPU.ActiveCfg = Debug|Any CPU
		{27FBD7CC-C375-41B7-9DEF-85FEA7C1CDF6}.Debug|Any CPU.Build.0 = Debug|Any CPU
		{27FBD7CC-C375-41B7-9DEF-85FEA7C1CDF6}.Release|Any CPU.ActiveCfg = Release|Any CPU
		{27FBD7CC-C375-41B7-9DEF-85FEA7C1CDF6}.Release|Any CPU.Build.0 = Release|Any CPU
	EndGlobalSection
	GlobalSection(SolutionProperties) = preSolution
		HideSolutionNode = FALSE
	EndGlobalSection
	GlobalSection(ExtensibilityGlobals) = postSolution
		SolutionGuid = {DB188504-FC68-4194-9D9E-6788CC4EC792}
	EndGlobalSection
EndGlobal
